// !$*UTF8*$!
{
	archiveVersion = 1;
	classes = {
	};
	objectVersion = 56;
	objects = {

/* Begin PBXBuildFile section */
		125BC0D929A529A6007B0A8D /* SelectRoomTypeTableViewController.swift in Sources */ = {isa = PBXBuildFile; fileRef = 125BC0D829A529A6007B0A8D /* SelectRoomTypeTableViewController.swift */; };
		125BC0DB29A55731007B0A8D /* RegistirationsTableViewController.swift in Sources */ = {isa = PBXBuildFile; fileRef = 125BC0DA29A55731007B0A8D /* RegistirationsTableViewController.swift */; };
		12704C2F299F837000201805 /* AppDelegate.swift in Sources */ = {isa = PBXBuildFile; fileRef = 12704C2E299F837000201805 /* AppDelegate.swift */; };
		12704C31299F837000201805 /* SceneDelegate.swift in Sources */ = {isa = PBXBuildFile; fileRef = 12704C30299F837000201805 /* SceneDelegate.swift */; };
		12704C36299F837000201805 /* Main.storyboard in Resources */ = {isa = PBXBuildFile; fileRef = 12704C34299F837000201805 /* Main.storyboard */; };
		12704C39299F837000201805 /* HotelCalifornia.xcdatamodeld in Sources */ = {isa = PBXBuildFile; fileRef = 12704C37299F837000201805 /* HotelCalifornia.xcdatamodeld */; };
		12704C3B299F837500201805 /* Assets.xcassets in Resources */ = {isa = PBXBuildFile; fileRef = 12704C3A299F837500201805 /* Assets.xcassets */; };
		12704C3E299F837500201805 /* LaunchScreen.storyboard in Resources */ = {isa = PBXBuildFile; fileRef = 12704C3C299F837500201805 /* LaunchScreen.storyboard */; };
		12704C46299F84F200201805 /* Registiration.swift in Sources */ = {isa = PBXBuildFile; fileRef = 12704C45299F84F200201805 /* Registiration.swift */; };
		12704C49299F86F300201805 /* RoomType.swift in Sources */ = {isa = PBXBuildFile; fileRef = 12704C48299F86F300201805 /* RoomType.swift */; };
		12704C4B299F8F8500201805 /* AddRegistirationTableViewController.swift in Sources */ = {isa = PBXBuildFile; fileRef = 12704C4A299F8F8400201805 /* AddRegistirationTableViewController.swift */; };
/* End PBXBuildFile section */

/* Begin PBXFileReference section */
		125BC0D829A529A6007B0A8D /* SelectRoomTypeTableViewController.swift */ = {isa = PBXFileReference; lastKnownFileType = sourcecode.swift; path = SelectRoomTypeTableViewController.swift; sourceTree = "<group>"; };
		125BC0DA29A55731007B0A8D /* RegistirationsTableViewController.swift */ = {isa = PBXFileReference; lastKnownFileType = sourcecode.swift; path = RegistirationsTableViewController.swift; sourceTree = "<group>"; };
		12704C2B299F837000201805 /* HotelCalifornia.app */ = {isa = PBXFileReference; explicitFileType = wrapper.application; includeInIndex = 0; path = HotelCalifornia.app; sourceTree = BUILT_PRODUCTS_DIR; };
		12704C2E299F837000201805 /* AppDelegate.swift */ = {isa = PBXFileReference; lastKnownFileType = sourcecode.swift; path = AppDelegate.swift; sourceTree = "<group>"; };
		12704C30299F837000201805 /* SceneDelegate.swift */ = {isa = PBXFileReference; lastKnownFileType = sourcecode.swift; path = SceneDelegate.swift; sourceTree = "<group>"; };
		12704C35299F837000201805 /* Base */ = {isa = PBXFileReference; lastKnownFileType = file.storyboard; name = Base; path = Base.lproj/Main.storyboard; sourceTree = "<group>"; };
		12704C38299F837000201805 /* HotelCalifornia.xcdatamodel */ = {isa = PBXFileReference; lastKnownFileType = wrapper.xcdatamodel; path = HotelCalifornia.xcdatamodel; sourceTree = "<group>"; };
		12704C3A299F837500201805 /* Assets.xcassets */ = {isa = PBXFileReference; lastKnownFileType = folder.assetcatalog; path = Assets.xcassets; sourceTree = "<group>"; };
		12704C3D299F837500201805 /* Base */ = {isa = PBXFileReference; lastKnownFileType = file.storyboard; name = Base; path = Base.lproj/LaunchScreen.storyboard; sourceTree = "<group>"; };
		12704C3F299F837600201805 /* Info.plist */ = {isa = PBXFileReference; lastKnownFileType = text.plist.xml; path = Info.plist; sourceTree = "<group>"; };
		12704C45299F84F200201805 /* Registiration.swift */ = {isa = PBXFileReference; lastKnownFileType = sourcecode.swift; path = Registiration.swift; sourceTree = "<group>"; };
		12704C48299F86F300201805 /* RoomType.swift */ = {isa = PBXFileReference; lastKnownFileType = sourcecode.swift; path = RoomType.swift; sourceTree = "<group>"; };
		12704C4A299F8F8400201805 /* AddRegistirationTableViewController.swift */ = {isa = PBXFileReference; lastKnownFileType = sourcecode.swift; path = AddRegistirationTableViewController.swift; sourceTree = "<group>"; };
/* End PBXFileReference section */

/* Begin PBXFrameworksBuildPhase section */
		12704C28299F837000201805 /* Frameworks */ = {
			isa = PBXFrameworksBuildPhase;
			buildActionMask = 2147483647;
			files = (
			);
			runOnlyForDeploymentPostprocessing = 0;
		};
/* End PBXFrameworksBuildPhase section */

/* Begin PBXGroup section */
		12704C22299F837000201805 = {
			isa = PBXGroup;
			children = (
				12704C2D299F837000201805 /* HotelCalifornia */,
				12704C2C299F837000201805 /* Products */,
			);
			sourceTree = "<group>";
		};
		12704C2C299F837000201805 /* Products */ = {
			isa = PBXGroup;
			children = (
				12704C2B299F837000201805 /* HotelCalifornia.app */,
			);
			name = Products;
			sourceTree = "<group>";
		};
		12704C2D299F837000201805 /* HotelCalifornia */ = {
			isa = PBXGroup;
			children = (
				12704C4C299F8FC200201805 /* Controllers */,
				12704C47299F856D00201805 /* Models */,
				12704C2E299F837000201805 /* AppDelegate.swift */,
				12704C30299F837000201805 /* SceneDelegate.swift */,
				12704C34299F837000201805 /* Main.storyboard */,
				12704C3A299F837500201805 /* Assets.xcassets */,
				12704C3C299F837500201805 /* LaunchScreen.storyboard */,
				12704C3F299F837600201805 /* Info.plist */,
				12704C37299F837000201805 /* HotelCalifornia.xcdatamodeld */,
			);
			path = HotelCalifornia;
			sourceTree = "<group>";
		};
		12704C47299F856D00201805 /* Models */ = {
			isa = PBXGroup;
			children = (
				12704C45299F84F200201805 /* Registiration.swift */,
				12704C48299F86F300201805 /* RoomType.swift */,
			);
			path = Models;
			sourceTree = "<group>";
		};
		12704C4C299F8FC200201805 /* Controllers */ = {
			isa = PBXGroup;
			children = (
				12704C4A299F8F8400201805 /* AddRegistirationTableViewController.swift */,
				125BC0D829A529A6007B0A8D /* SelectRoomTypeTableViewController.swift */,
				125BC0DA29A55731007B0A8D /* RegistirationsTableViewController.swift */,
			);
			path = Controllers;
			sourceTree = "<group>";
		};
/* End PBXGroup section */

/* Begin PBXNativeTarget section */
		12704C2A299F837000201805 /* HotelCalifornia */ = {
			isa = PBXNativeTarget;
			buildConfigurationList = 12704C42299F837600201805 /* Build configuration list for PBXNativeTarget "HotelCalifornia" */;
			buildPhases = (
				12704C27299F837000201805 /* Sources */,
				12704C28299F837000201805 /* Frameworks */,
				12704C29299F837000201805 /* Resources */,
			);
			buildRules = (
			);
			dependencies = (
			);
			name = HotelCalifornia;
			productName = HotelCalifornia;
			productReference = 12704C2B299F837000201805 /* HotelCalifornia.app */;
			productType = "com.apple.product-type.application";
		};
/* End PBXNativeTarget section */

/* Begin PBXProject section */
		12704C23299F837000201805 /* Project object */ = {
			isa = PBXProject;
			attributes = {
				BuildIndependentTargetsInParallel = 1;
				LastSwiftUpdateCheck = 1410;
				LastUpgradeCheck = 1410;
				TargetAttributes = {
					12704C2A299F837000201805 = {
						CreatedOnToolsVersion = 14.1;
					};
				};
			};
			buildConfigurationList = 12704C26299F837000201805 /* Build configuration list for PBXProject "HotelCalifornia" */;
			compatibilityVersion = "Xcode 14.0";
			developmentRegion = en;
			hasScannedForEncodings = 0;
			knownRegions = (
				en,
				Base,
			);
			mainGroup = 12704C22299F837000201805;
			productRefGroup = 12704C2C299F837000201805 /* Products */;
			projectDirPath = "";
			projectRoot = "";
			targets = (
				12704C2A299F837000201805 /* HotelCalifornia */,
			);
		};
/* End PBXProject section */

/* Begin PBXResourcesBuildPhase section */
		12704C29299F837000201805 /* Resources */ = {
			isa = PBXResourcesBuildPhase;
			buildActionMask = 2147483647;
			files = (
				12704C3E299F837500201805 /* LaunchScreen.storyboard in Resources */,
				12704C3B299F837500201805 /* Assets.xcassets in Resources */,
				12704C36299F837000201805 /* Main.storyboard in Resources */,
			);
			runOnlyForDeploymentPostprocessing = 0;
		};
/* End PBXResourcesBuildPhase section */

/* Begin PBXSourcesBuildPhase section */
		12704C27299F837000201805 /* Sources */ = {
			isa = PBXSourcesBuildPhase;
			buildActionMask = 2147483647;
			files = (
				125BC0DB29A55731007B0A8D /* RegistirationsTableViewController.swift in Sources */,
				12704C4B299F8F8500201805 /* AddRegistirationTableViewController.swift in Sources */,
				12704C39299F837000201805 /* HotelCalifornia.xcdatamodeld in Sources */,
				12704C2F299F837000201805 /* AppDelegate.swift in Sources */,
				12704C49299F86F300201805 /* RoomType.swift in Sources */,
				12704C46299F84F200201805 /* Registiration.swift in Sources */,
				125BC0D929A529A6007B0A8D /* SelectRoomTypeTableViewController.swift in Sources */,
				12704C31299F837000201805 /* SceneDelegate.swift in Sources */,
			);
			runOnlyForDeploymentPostprocessing = 0;
		};
/* End PBXSourcesBuildPhase section */

/* Begin PBXVariantGroup section */
		12704C34299F837000201805 /* Main.storyboard */ = {
			isa = PBXVariantGroup;
			children = (
				12704C35299F837000201805 /* Base */,
			);
			name = Main.storyboard;
			sourceTree = "<group>";
		};
		12704C3C299F837500201805 /* LaunchScreen.storyboard */ = {
			isa = PBXVariantGroup;
			children = (
				12704C3D299F837500201805 /* Base */,
			);
			name = LaunchScreen.storyboard;
			sourceTree = "<group>";
		};
/* End PBXVariantGroup section */

/* Begin XCBuildConfiguration section */
		12704C40299F837600201805 /* Debug */ = {
			isa = XCBuildConfiguration;
			buildSettings = {
				ALWAYS_SEARCH_USER_PATHS = NO;
				CLANG_ANALYZER_NONNULL = YES;
				CLANG_ANALYZER_NUMBER_OBJECT_CONVERSION = YES_AGGRESSIVE;
				CLANG_CXX_LANGUAGE_STANDARD = "gnu++20";
				CLANG_ENABLE_MODULES = YES;
				CLANG_ENABLE_OBJC_ARC = YES;
				CLANG_ENABLE_OBJC_WEAK = YES;
				CLANG_WARN_BLOCK_CAPTURE_AUTORELEASING = YES;
				CLANG_WARN_BOOL_CONVERSION = YES;
				CLANG_WARN_COMMA = YES;
				CLANG_WARN_CONSTANT_CONVERSION = YES;
				CLANG_WARN_DEPRECATED_OBJC_IMPLEMENTATIONS = YES;
				CLANG_WARN_DIRECT_OBJC_ISA_USAGE = YES_ERROR;
				CLANG_WARN_DOCUMENTATION_COMMENTS = YES;
				CLANG_WARN_EMPTY_BODY = YES;
				CLANG_WARN_ENUM_CONVERSION = YES;
				CLANG_WARN_INFINITE_RECURSION = YES;
				CLANG_WARN_INT_CONVERSION = YES;
				CLANG_WARN_NON_LITERAL_NULL_CONVERSION = YES;
				CLANG_WARN_OBJC_IMPLICIT_RETAIN_SELF = YES;
				CLANG_WARN_OBJC_LITERAL_CONVERSION = YES;
				CLANG_WARN_OBJC_ROOT_CLASS = YES_ERROR;
				CLANG_WARN_QUOTED_INCLUDE_IN_FRAMEWORK_HEADER = YES;
				CLANG_WARN_RANGE_LOOP_ANALYSIS = YES;
				CLANG_WARN_STRICT_PROTOTYPES = YES;
				CLANG_WARN_SUSPICIOUS_MOVE = YES;
				CLANG_WARN_UNGUARDED_AVAILABILITY = YES_AGGRESSIVE;
				CLANG_WARN_UNREACHABLE_CODE = YES;
				CLANG_WARN__DUPLICATE_METHOD_MATCH = YES;
				COPY_PHASE_STRIP = NO;
				DEBUG_INFORMATION_FORMAT = dwarf;
				ENABLE_STRICT_OBJC_MSGSEND = YES;
				ENABLE_TESTABILITY = YES;
				GCC_C_LANGUAGE_STANDARD = gnu11;
				GCC_DYNAMIC_NO_PIC = NO;
				GCC_NO_COMMON_BLOCKS = YES;
				GCC_OPTIMIZATION_LEVEL = 0;
				GCC_PREPROCESSOR_DEFINITIONS = (
					"DEBUG=1",
					"$(inherited)",
				);
				GCC_WARN_64_TO_32_BIT_CONVERSION = YES;
				GCC_WARN_ABOUT_RETURN_TYPE = YES_ERROR;
				GCC_WARN_UNDECLARED_SELECTOR = YES;
				GCC_WARN_UNINITIALIZED_AUTOS = YES_AGGRESSIVE;
				GCC_WARN_UNUSED_FUNCTION = YES;
				GCC_WARN_UNUSED_VARIABLE = YES;
				IPHONEOS_DEPLOYMENT_TARGET = 16.1;
				MTL_ENABLE_DEBUG_INFO = INCLUDE_SOURCE;
				MTL_FAST_MATH = YES;
				ONLY_ACTIVE_ARCH = YES;
				SDKROOT = iphoneos;
				SWIFT_ACTIVE_COMPILATION_CONDITIONS = DEBUG;
				SWIFT_OPTIMIZATION_LEVEL = "-Onone";
			};
			name = Debug;
		};
		12704C41299F837600201805 /* Release */ = {
			isa = XCBuildConfiguration;
			buildSettings = {
				ALWAYS_SEARCH_USER_PATHS = NO;
				CLANG_ANALYZER_NONNULL = YES;
				CLANG_ANALYZER_NUMBER_OBJECT_CONVERSION = YES_AGGRESSIVE;
				CLANG_CXX_LANGUAGE_STANDARD = "gnu++20";
				CLANG_ENABLE_MODULES = YES;
				CLANG_ENABLE_OBJC_ARC = YES;
				CLANG_ENABLE_OBJC_WEAK = YES;
				CLANG_WARN_BLOCK_CAPTURE_AUTORELEASING = YES;
				CLANG_WARN_BOOL_CONVERSION = YES;
				CLANG_WARN_COMMA = YES;
				CLANG_WARN_CONSTANT_CONVERSION = YES;
				CLANG_WARN_DEPRECATED_OBJC_IMPLEMENTATIONS = YES;
				CLANG_WARN_DIRECT_OBJC_ISA_USAGE = YES_ERROR;
				CLANG_WARN_DOCUMENTATION_COMMENTS = YES;
				CLANG_WARN_EMPTY_BODY = YES;
				CLANG_WARN_ENUM_CONVERSION = YES;
				CLANG_WARN_INFINITE_RECURSION = YES;
				CLANG_WARN_INT_CONVERSION = YES;
				CLANG_WARN_NON_LITERAL_NULL_CONVERSION = YES;
				CLANG_WARN_OBJC_IMPLICIT_RETAIN_SELF = YES;
				CLANG_WARN_OBJC_LITERAL_CONVERSION = YES;
				CLANG_WARN_OBJC_ROOT_CLASS = YES_ERROR;
				CLANG_WARN_QUOTED_INCLUDE_IN_FRAMEWORK_HEADER = YES;
				CLANG_WARN_RANGE_LOOP_ANALYSIS = YES;
				CLANG_WARN_STRICT_PROTOTYPES = YES;
				CLANG_WARN_SUSPICIOUS_MOVE = YES;
				CLANG_WARN_UNGUARDED_AVAILABILITY = YES_AGGRESSIVE;
				CLANG_WARN_UNREACHABLE_CODE = YES;
				CLANG_WARN__DUPLICATE_METHOD_MATCH = YES;
				COPY_PHASE_STRIP = NO;
				DEBUG_INFORMATION_FORMAT = "dwarf-with-dsym";
				ENABLE_NS_ASSERTIONS = NO;
				ENABLE_STRICT_OBJC_MSGSEND = YES;
				GCC_C_LANGUAGE_STANDARD = gnu11;
				GCC_NO_COMMON_BLOCKS = YES;
				GCC_WARN_64_TO_32_BIT_CONVERSION = YES;
				GCC_WARN_ABOUT_RETURN_TYPE = YES_ERROR;
				GCC_WARN_UNDECLARED_SELECTOR = YES;
				GCC_WARN_UNINITIALIZED_AUTOS = YES_AGGRESSIVE;
				GCC_WARN_UNUSED_FUNCTION = YES;
				GCC_WARN_UNUSED_VARIABLE = YES;
				IPHONEOS_DEPLOYMENT_TARGET = 16.1;
				MTL_ENABLE_DEBUG_INFO = NO;
				MTL_FAST_MATH = YES;
				SDKROOT = iphoneos;
				SWIFT_COMPILATION_MODE = wholemodule;
				SWIFT_OPTIMIZATION_LEVEL = "-O";
				VALIDATE_PRODUCT = YES;
			};
			name = Release;
		};
		12704C43299F837600201805 /* Debug */ = {
			isa = XCBuildConfiguration;
			buildSettings = {
				ASSETCATALOG_COMPILER_APPICON_NAME = AppIcon;
				ASSETCATALOG_COMPILER_GLOBAL_ACCENT_COLOR_NAME = AccentColor;
				CODE_SIGN_STYLE = Automatic;
				CURRENT_PROJECT_VERSION = 1;
				DEVELOPMENT_TEAM = 68JJWC8V82;
				GENERATE_INFOPLIST_FILE = YES;
				INFOPLIST_FILE = HotelCalifornia/Info.plist;
				INFOPLIST_KEY_UIApplicationSupportsIndirectInputEvents = YES;
				INFOPLIST_KEY_UILaunchStoryboardName = LaunchScreen;
				INFOPLIST_KEY_UIMainStoryboardFile = Main;
				INFOPLIST_KEY_UISupportedInterfaceOrientations_iPad = "UIInterfaceOrientationPortrait UIInterfaceOrientationPortraitUpsideDown UIInterfaceOrientationLandscapeLeft UIInterfaceOrientationLandscapeRight";
				INFOPLIST_KEY_UISupportedInterfaceOrientations_iPhone = "UIInterfaceOrientationPortrait UIInterfaceOrientationLandscapeLeft UIInterfaceOrientationLandscapeRight";
				LD_RUNPATH_SEARCH_PATHS = (
					"$(inherited)",
					"@executable_path/Frameworks",
				);
				MARKETING_VERSION = 1.0;
				PRODUCT_BUNDLE_IDENTIFIER = com.sumeyyeyuce.HotelCalifornia;
				PRODUCT_NAME = "$(TARGET_NAME)";
				SWIFT_EMIT_LOC_STRINGS = YES;
				SWIFT_VERSION = 5.0;
				TARGETED_DEVICE_FAMILY = "1,2";
			};
			name = Debug;
		};
		12704C44299F837600201805 /* Release */ = {
			isa = XCBuildConfiguration;
			buildSettings = {
				ASSETCATALOG_COMPILER_APPICON_NAME = AppIcon;
				ASSETCATALOG_COMPILER_GLOBAL_ACCENT_COLOR_NAME = AccentColor;
				CODE_SIGN_STYLE = Automatic;
				CURRENT_PROJECT_VERSION = 1;
				DEVELOPMENT_TEAM = 68JJWC8V82;
				GENERATE_INFOPLIST_FILE = YES;
				INFOPLIST_FILE = HotelCalifornia/Info.plist;
				INFOPLIST_KEY_UIApplicationSupportsIndirectInputEvents = YES;
				INFOPLIST_KEY_UILaunchStoryboardName = LaunchScreen;
				INFOPLIST_KEY_UIMainStoryboardFile = Main;
				INFOPLIST_KEY_UISupportedInterfaceOrientations_iPad = "UIInterfaceOrientationPortrait UIInterfaceOrientationPortraitUpsideDown UIInterfaceOrientationLandscapeLeft UIInterfaceOrientationLandscapeRight";
				INFOPLIST_KEY_UISupportedInterfaceOrientations_iPhone = "UIInterfaceOrientationPortrait UIInterfaceOrientationLandscapeLeft UIInterfaceOrientationLandscapeRight";
				LD_RUNPATH_SEARCH_PATHS = (
					"$(inherited)",
					"@executable_path/Frameworks",
				);
				MARKETING_VERSION = 1.0;
				PRODUCT_BUNDLE_IDENTIFIER = com.sumeyyeyuce.HotelCalifornia;
				PRODUCT_NAME = "$(TARGET_NAME)";
				SWIFT_EMIT_LOC_STRINGS = YES;
				SWIFT_VERSION = 5.0;
				TARGETED_DEVICE_FAMILY = "1,2";
			};
			name = Release;
		};
/* End XCBuildConfiguration section */

/* Begin XCConfigurationList section */
		12704C26299F837000201805 /* Build configuration list for PBXProject "HotelCalifornia" */ = {
			isa = XCConfigurationList;
			buildConfigurations = (
				12704C40299F837600201805 /* Debug */,
				12704C41299F837600201805 /* Release */,
			);
			defaultConfigurationIsVisible = 0;
			defaultConfigurationName = Release;
		};
		12704C42299F837600201805 /* Build configuration list for PBXNativeTarget "HotelCalifornia" */ = {
			isa = XCConfigurationList;
			buildConfigurations = (
				12704C43299F837600201805 /* Debug */,
				12704C44299F837600201805 /* Release */,
			);
			defaultConfigurationIsVisible = 0;
			defaultConfigurationName = Release;
		};
/* End XCConfigurationList section */

/* Begin XCVersionGroup section */
		12704C37299F837000201805 /* HotelCalifornia.xcdatamodeld */ = {
			isa = XCVersionGroup;
			children = (
				12704C38299F837000201805 /* HotelCalifornia.xcdatamodel */,
			);
			currentVersion = 12704C38299F837000201805 /* HotelCalifornia.xcdatamodel */;
			path = HotelCalifornia.xcdatamodeld;
			sourceTree = "<group>";
			versionGroupType = wrapper.xcdatamodel;
		};
/* End XCVersionGroup section */
	};
	rootObject = 12704C23299F837000201805 /* Project object */;
}
